{
    "_readme": [
        "This file locks the dependencies of your project to a known state",
        "Read more about it at https://getcomposer.org/doc/01-basic-usage.md#installing-dependencies",
        "This file is @generated automatically"
    ],
    "content-hash": "a0cc0e4ba6aa4e837cbdd483e2ebdf65",
    "packages": [
        {
            "name": "glushkovds/php-smpp",
            "version": "v0.5.1",
            "source": {
                "type": "git",
                "url": "https://github.com/glushkovds/php-smpp.git",
                "reference": "b0e4c977a885c2d1e7a8bdb944af424b48d05cc8"
            },
            "dist": {
                "type": "zip",
                "url": "https://api.github.com/repos/glushkovds/php-smpp/zipball/b0e4c977a885c2d1e7a8bdb944af424b48d05cc8",
                "reference": "b0e4c977a885c2d1e7a8bdb944af424b48d05cc8",
                "shasum": ""
            },
            "require": {
                "ext-sockets": "*",
                "php": ">=7.1.0"
            },
            "require-dev": {
                "phpunit/phpunit": "^9.3"
            },
            "type": "library",
            "autoload": {
                "psr-4": {
                    "PhpSmpp\\": "src/"
                }
            },
            "notification-url": "https://packagist.org/downloads/",
            "license": [
                "MIT"
            ],
            "authors": [
                {
                    "name": "Denis Glushkov",
                    "email": "amkarovec@gmail.com",
                    "homepage": "https://github.com/glushkovds"
                }
            ],
            "description": "Implementation SMPP v3.4 protocol. Includes sending and listening USSD.",
            "homepage": "https://github.com/glushkovds/php-smpp",
            "keywords": [
                "lib",
                "php",
                "smpp"
            ],
            "support": {
                "issues": "https://github.com/glushkovds/php-smpp/issues",
                "source": "https://github.com/glushkovds/php-smpp/tree/v0.5.1"
            },
            "time": "2020-11-19T07:18:35+00:00"
        }
    ],
    "packages-dev": [],
    "aliases": [],
    "minimum-stability": "stable",
    "stability-flags": [],
    "prefer-stable": false,
    "prefer-lowest": false,
    "platform": [],
    "platform-dev": [],
    "plugin-api-version": "2.3.0"
}
